// !$*UTF8*$!
{
	archiveVersion = 1;
	classes = {
	};
	objectVersion = 46;
	objects = {

/* Begin PBXBuildFile section */
		646A45331C8832760001228B /* DailyWeather.swift in Sources */ = {isa = PBXBuildFile; fileRef = 646A45321C8832760001228B /* DailyWeather.swift */; };
		646A45351C8838970001228B /* Icon.swift in Sources */ = {isa = PBXBuildFile; fileRef = 646A45341C8838970001228B /* Icon.swift */; };
		646A45371C8851030001228B /* Forecast.swift in Sources */ = {isa = PBXBuildFile; fileRef = 646A45361C8851030001228B /* Forecast.swift */; };
		647A00181C87412500489928 /* WeeklyTableTableViewController.swift in Sources */ = {isa = PBXBuildFile; fileRef = 647A00171C87412500489928 /* WeeklyTableTableViewController.swift */; };
		647A001A1C8741F600489928 /* BackgroundView.swift in Sources */ = {isa = PBXBuildFile; fileRef = 647A00191C8741F600489928 /* BackgroundView.swift */; };
		648ECA771C7DEA0800BE3CF7 /* AppDelegate.swift in Sources */ = {isa = PBXBuildFile; fileRef = 648ECA761C7DEA0800BE3CF7 /* AppDelegate.swift */; };
		648ECA791C7DEA0800BE3CF7 /* ViewController.swift in Sources */ = {isa = PBXBuildFile; fileRef = 648ECA781C7DEA0800BE3CF7 /* ViewController.swift */; };
		648ECA7C1C7DEA0800BE3CF7 /* Main.storyboard in Resources */ = {isa = PBXBuildFile; fileRef = 648ECA7A1C7DEA0800BE3CF7 /* Main.storyboard */; };
		648ECA7E1C7DEA0800BE3CF7 /* Assets.xcassets in Resources */ = {isa = PBXBuildFile; fileRef = 648ECA7D1C7DEA0800BE3CF7 /* Assets.xcassets */; };
		648ECA811C7DEA0800BE3CF7 /* LaunchScreen.storyboard in Resources */ = {isa = PBXBuildFile; fileRef = 648ECA7F1C7DEA0800BE3CF7 /* LaunchScreen.storyboard */; };
		648ECA891C7DEB7700BE3CF7 /* WeatherInfo.plist in Resources */ = {isa = PBXBuildFile; fileRef = 648ECA881C7DEB7700BE3CF7 /* WeatherInfo.plist */; };
		648ECA8B1C7DEE9D00BE3CF7 /* CurrentWeather.swift in Sources */ = {isa = PBXBuildFile; fileRef = 648ECA8A1C7DEE9D00BE3CF7 /* CurrentWeather.swift */; };
		648ECA911C7DF22100BE3CF7 /* Default-568h@2x.png in Resources */ = {isa = PBXBuildFile; fileRef = 648ECA901C7DF22100BE3CF7 /* Default-568h@2x.png */; };
		64AE1B1F1C806A5C00AAD805 /* NetworkOperation.swift in Sources */ = {isa = PBXBuildFile; fileRef = 64AE1B1E1C806A5C00AAD805 /* NetworkOperation.swift */; };
		64AE1B211C80838500AAD805 /* ForecastService.swift in Sources */ = {isa = PBXBuildFile; fileRef = 64AE1B201C80838500AAD805 /* ForecastService.swift */; };
/* End PBXBuildFile section */

/* Begin PBXFileReference section */
		646A45321C8832760001228B /* DailyWeather.swift */ = {isa = PBXFileReference; fileEncoding = 4; lastKnownFileType = sourcecode.swift; path = DailyWeather.swift; sourceTree = "<group>"; };
		646A45341C8838970001228B /* Icon.swift */ = {isa = PBXFileReference; fileEncoding = 4; lastKnownFileType = sourcecode.swift; path = Icon.swift; sourceTree = "<group>"; };
		646A45361C8851030001228B /* Forecast.swift */ = {isa = PBXFileReference; fileEncoding = 4; lastKnownFileType = sourcecode.swift; path = Forecast.swift; sourceTree = "<group>"; };
		647A00171C87412500489928 /* WeeklyTableTableViewController.swift */ = {isa = PBXFileReference; fileEncoding = 4; lastKnownFileType = sourcecode.swift; path = WeeklyTableTableViewController.swift; sourceTree = "<group>"; };
		647A00191C8741F600489928 /* BackgroundView.swift */ = {isa = PBXFileReference; fileEncoding = 4; lastKnownFileType = sourcecode.swift; path = BackgroundView.swift; sourceTree = "<group>"; };
		648ECA731C7DEA0800BE3CF7 /* Hurricane.app */ = {isa = PBXFileReference; explicitFileType = wrapper.application; includeInIndex = 0; path = Hurricane.app; sourceTree = BUILT_PRODUCTS_DIR; };
		648ECA761C7DEA0800BE3CF7 /* AppDelegate.swift */ = {isa = PBXFileReference; lastKnownFileType = sourcecode.swift; path = AppDelegate.swift; sourceTree = "<group>"; };
		648ECA781C7DEA0800BE3CF7 /* ViewController.swift */ = {isa = PBXFileReference; lastKnownFileType = sourcecode.swift; path = ViewController.swift; sourceTree = "<group>"; };
		648ECA7B1C7DEA0800BE3CF7 /* Base */ = {isa = PBXFileReference; lastKnownFileType = file.storyboard; name = Base; path = Base.lproj/Main.storyboard; sourceTree = "<group>"; };
		648ECA7D1C7DEA0800BE3CF7 /* Assets.xcassets */ = {isa = PBXFileReference; lastKnownFileType = folder.assetcatalog; path = Assets.xcassets; sourceTree = "<group>"; };
		648ECA801C7DEA0800BE3CF7 /* Base */ = {isa = PBXFileReference; lastKnownFileType = file.storyboard; name = Base; path = Base.lproj/LaunchScreen.storyboard; sourceTree = "<group>"; };
		648ECA821C7DEA0800BE3CF7 /* Info.plist */ = {isa = PBXFileReference; lastKnownFileType = text.plist; path = Info.plist; sourceTree = "<group>"; };
		648ECA881C7DEB7700BE3CF7 /* WeatherInfo.plist */ = {isa = PBXFileReference; fileEncoding = 4; lastKnownFileType = text.plist.xml; path = WeatherInfo.plist; sourceTree = SOURCE_ROOT; };
		648ECA8A1C7DEE9D00BE3CF7 /* CurrentWeather.swift */ = {isa = PBXFileReference; fileEncoding = 4; lastKnownFileType = sourcecode.swift; path = CurrentWeather.swift; sourceTree = SOURCE_ROOT; };
		648ECA901C7DF22100BE3CF7 /* Default-568h@2x.png */ = {isa = PBXFileReference; lastKnownFileType = image.png; path = "Default-568h@2x.png"; sourceTree = "<group>"; };
		64AE1B1E1C806A5C00AAD805 /* NetworkOperation.swift */ = {isa = PBXFileReference; fileEncoding = 4; lastKnownFileType = sourcecode.swift; path = NetworkOperation.swift; sourceTree = "<group>"; };
		64AE1B201C80838500AAD805 /* ForecastService.swift */ = {isa = PBXFileReference; fileEncoding = 4; lastKnownFileType = sourcecode.swift; path = ForecastService.swift; sourceTree = "<group>"; };
/* End PBXFileReference section */

/* Begin PBXFrameworksBuildPhase section */
		648ECA701C7DEA0800BE3CF7 /* Frameworks */ = {
			isa = PBXFrameworksBuildPhase;
			buildActionMask = 2147483647;
			files = (
			);
			runOnlyForDeploymentPostprocessing = 0;
		};
/* End PBXFrameworksBuildPhase section */

/* Begin PBXGroup section */
		646A45311C88325B0001228B /* Weather */ = {
			isa = PBXGroup;
			children = (
				648ECA8A1C7DEE9D00BE3CF7 /* CurrentWeather.swift */,
				646A45321C8832760001228B /* DailyWeather.swift */,
				646A45341C8838970001228B /* Icon.swift */,
				646A45361C8851030001228B /* Forecast.swift */,
			);
			name = Weather;
			sourceTree = "<group>";
		};
		648ECA6A1C7DEA0800BE3CF7 = {
			isa = PBXGroup;
			children = (
				648ECA901C7DF22100BE3CF7 /* Default-568h@2x.png */,
				648ECA8D1C7DF0BD00BE3CF7 /* Controller */,
				648ECA8C1C7DF0AB00BE3CF7 /* Model */,
				648ECA8F1C7DF0F200BE3CF7 /* View */,
				648ECA8E1C7DF0D600BE3CF7 /* Support files */,
				648ECA741C7DEA0800BE3CF7 /* Products */,
			);
			sourceTree = "<group>";
		};
		648ECA741C7DEA0800BE3CF7 /* Products */ = {
			isa = PBXGroup;
			children = (
				648ECA731C7DEA0800BE3CF7 /* Hurricane.app */,
			);
			name = Products;
			sourceTree = "<group>";
		};
		648ECA8C1C7DF0AB00BE3CF7 /* Model */ = {
			isa = PBXGroup;
			children = (
				646A45311C88325B0001228B /* Weather */,
				64AE1B1E1C806A5C00AAD805 /* NetworkOperation.swift */,
				64AE1B201C80838500AAD805 /* ForecastService.swift */,
			);
			name = Model;
			sourceTree = "<group>";
		};
		648ECA8D1C7DF0BD00BE3CF7 /* Controller */ = {
			isa = PBXGroup;
			children = (
				648ECA781C7DEA0800BE3CF7 /* ViewController.swift */,
				647A00171C87412500489928 /* WeeklyTableTableViewController.swift */,
			);
			name = Controller;
			sourceTree = "<group>";
		};
		648ECA8E1C7DF0D600BE3CF7 /* Support files */ = {
			isa = PBXGroup;
			children = (
				648ECA821C7DEA0800BE3CF7 /* Info.plist */,
				648ECA7D1C7DEA0800BE3CF7 /* Assets.xcassets */,
				648ECA881C7DEB7700BE3CF7 /* WeatherInfo.plist */,
				648ECA761C7DEA0800BE3CF7 /* AppDelegate.swift */,
			);
			name = "Support files";
			sourceTree = "<group>";
		};
		648ECA8F1C7DF0F200BE3CF7 /* View */ = {
			isa = PBXGroup;
			children = (
				648ECA7F1C7DEA0800BE3CF7 /* LaunchScreen.storyboard */,
				648ECA7A1C7DEA0800BE3CF7 /* Main.storyboard */,
				647A00191C8741F600489928 /* BackgroundView.swift */,
			);
			name = View;
			sourceTree = "<group>";
		};
/* End PBXGroup section */

/* Begin PBXNativeTarget section */
		648ECA721C7DEA0800BE3CF7 /* Hurricane */ = {
			isa = PBXNativeTarget;
			buildConfigurationList = 648ECA851C7DEA0800BE3CF7 /* Build configuration list for PBXNativeTarget "Hurricane" */;
			buildPhases = (
				648ECA6F1C7DEA0800BE3CF7 /* Sources */,
				648ECA701C7DEA0800BE3CF7 /* Frameworks */,
				648ECA711C7DEA0800BE3CF7 /* Resources */,
			);
			buildRules = (
			);
			dependencies = (
			);
			name = Hurricane;
			productName = Hurricane;
			productReference = 648ECA731C7DEA0800BE3CF7 /* Hurricane.app */;
			productType = "com.apple.product-type.application";
		};
/* End PBXNativeTarget section */

/* Begin PBXProject section */
		648ECA6B1C7DEA0800BE3CF7 /* Project object */ = {
			isa = PBXProject;
			attributes = {
				LastSwiftUpdateCheck = 0710;
				LastUpgradeCheck = 0710;
				ORGANIZATIONNAME = AuroraInterplay;
				TargetAttributes = {
					648ECA721C7DEA0800BE3CF7 = {
						CreatedOnToolsVersion = 7.1;
					};
				};
			};
			buildConfigurationList = 648ECA6E1C7DEA0800BE3CF7 /* Build configuration list for PBXProject "Hurricane" */;
			compatibilityVersion = "Xcode 3.2";
			developmentRegion = English;
			hasScannedForEncodings = 0;
			knownRegions = (
				en,
				Base,
			);
			mainGroup = 648ECA6A1C7DEA0800BE3CF7;
			productRefGroup = 648ECA741C7DEA0800BE3CF7 /* Products */;
			projectDirPath = "";
			projectRoot = "";
			targets = (
				648ECA721C7DEA0800BE3CF7 /* Hurricane */,
			);
		};
/* End PBXProject section */

/* Begin PBXResourcesBuildPhase section */
		648ECA711C7DEA0800BE3CF7 /* Resources */ = {
			isa = PBXResourcesBuildPhase;
			buildActionMask = 2147483647;
			files = (
				648ECA891C7DEB7700BE3CF7 /* WeatherInfo.plist in Resources */,
				648ECA811C7DEA0800BE3CF7 /* LaunchScreen.storyboard in Resources */,
				648ECA7E1C7DEA0800BE3CF7 /* Assets.xcassets in Resources */,
				648ECA911C7DF22100BE3CF7 /* Default-568h@2x.png in Resources */,
				648ECA7C1C7DEA0800BE3CF7 /* Main.storyboard in Resources */,
			);
			runOnlyForDeploymentPostprocessing = 0;
		};
/* End PBXResourcesBuildPhase section */

/* Begin PBXSourcesBuildPhase section */
		648ECA6F1C7DEA0800BE3CF7 /* Sources */ = {
			isa = PBXSourcesBuildPhase;
			buildActionMask = 2147483647;
			files = (
				646A45331C8832760001228B /* DailyWeather.swift in Sources */,
				64AE1B1F1C806A5C00AAD805 /* NetworkOperation.swift in Sources */,
				648ECA791C7DEA0800BE3CF7 /* ViewController.swift in Sources */,
				646A45351C8838970001228B /* Icon.swift in Sources */,
				646A45371C8851030001228B /* Forecast.swift in Sources */,
				648ECA8B1C7DEE9D00BE3CF7 /* CurrentWeather.swift in Sources */,
				647A001A1C8741F600489928 /* BackgroundView.swift in Sources */,
				647A00181C87412500489928 /* WeeklyTableTableViewController.swift in Sources */,
				64AE1B211C80838500AAD805 /* ForecastService.swift in Sources */,
				648ECA771C7DEA0800BE3CF7 /* AppDelegate.swift in Sources */,
			);
			runOnlyForDeploymentPostprocessing = 0;
		};
/* End PBXSourcesBuildPhase section */

/* Begin PBXVariantGroup section */
		648ECA7A1C7DEA0800BE3CF7 /* Main.storyboard */ = {
			isa = PBXVariantGroup;
			children = (
				648ECA7B1C7DEA0800BE3CF7 /* Base */,
			);
			name = Main.storyboard;
			sourceTree = "<group>";
		};
		648ECA7F1C7DEA0800BE3CF7 /* LaunchScreen.storyboard */ = {
			isa = PBXVariantGroup;
			children = (
				648ECA801C7DEA0800BE3CF7 /* Base */,
			);
			name = LaunchScreen.storyboard;
			sourceTree = "<group>";
		};
/* End PBXVariantGroup section */

/* Begin XCBuildConfiguration section */
		648ECA831C7DEA0800BE3CF7 /* Debug */ = {
			isa = XCBuildConfiguration;
			buildSettings = {
				ALWAYS_SEARCH_USER_PATHS = NO;
				CLANG_CXX_LANGUAGE_STANDARD = "gnu++0x";
				CLANG_CXX_LIBRARY = "libc++";
				CLANG_ENABLE_MODULES = YES;
				CLANG_ENABLE_OBJC_ARC = YES;
				CLANG_WARN_BOOL_CONVERSION = YES;
				CLANG_WARN_CONSTANT_CONVERSION = YES;
				CLANG_WARN_DIRECT_OBJC_ISA_USAGE = YES_ERROR;
				CLANG_WARN_EMPTY_BODY = YES;
				CLANG_WARN_ENUM_CONVERSION = YES;
				CLANG_WARN_INT_CONVERSION = YES;
				CLANG_WARN_OBJC_ROOT_CLASS = YES_ERROR;
				CLANG_WARN_UNREACHABLE_CODE = YES;
				CLANG_WARN__DUPLICATE_METHOD_MATCH = YES;
				"CODE_SIGN_IDENTITY[sdk=iphoneos*]" = "iPhone Developer";
				COPY_PHASE_STRIP = NO;
				DEBUG_INFORMATION_FORMAT = dwarf;
				ENABLE_STRICT_OBJC_MSGSEND = YES;
				ENABLE_TESTABILITY = YES;
				GCC_C_LANGUAGE_STANDARD = gnu99;
				GCC_DYNAMIC_NO_PIC = NO;
				GCC_NO_COMMON_BLOCKS = YES;
				GCC_OPTIMIZATION_LEVEL = 0;
				GCC_PREPROCESSOR_DEFINITIONS = (
					"DEBUG=1",
					"$(inherited)",
				);
				GCC_WARN_64_TO_32_BIT_CONVERSION = YES;
				GCC_WARN_ABOUT_RETURN_TYPE = YES_ERROR;
				GCC_WARN_UNDECLARED_SELECTOR = YES;
				GCC_WARN_UNINITIALIZED_AUTOS = YES_AGGRESSIVE;
				GCC_WARN_UNUSED_FUNCTION = YES;
				GCC_WARN_UNUSED_VARIABLE = YES;
				IPHONEOS_DEPLOYMENT_TARGET = 9.1;
				MTL_ENABLE_DEBUG_INFO = YES;
				ONLY_ACTIVE_ARCH = YES;
				SDKROOT = iphoneos;
				SWIFT_OPTIMIZATION_LEVEL = "-Onone";
			};
			name = Debug;
		};
		648ECA841C7DEA0800BE3CF7 /* Release */ = {
			isa = XCBuildConfiguration;
			buildSettings = {
				ALWAYS_SEARCH_USER_PATHS = NO;
				CLANG_CXX_LANGUAGE_STANDARD = "gnu++0x";
				CLANG_CXX_LIBRARY = "libc++";
				CLANG_ENABLE_MODULES = YES;
				CLANG_ENABLE_OBJC_ARC = YES;
				CLANG_WARN_BOOL_CONVERSION = YES;
				CLANG_WARN_CONSTANT_CONVERSION = YES;
				CLANG_WARN_DIRECT_OBJC_ISA_USAGE = YES_ERROR;
				CLANG_WARN_EMPTY_BODY = YES;
				CLANG_WARN_ENUM_CONVERSION = YES;
				CLANG_WARN_INT_CONVERSION = YES;
				CLANG_WARN_OBJC_ROOT_CLASS = YES_ERROR;
				CLANG_WARN_UNREACHABLE_CODE = YES;
				CLANG_WARN__DUPLICATE_METHOD_MATCH = YES;
				"CODE_SIGN_IDENTITY[sdk=iphoneos*]" = "iPhone Developer";
				COPY_PHASE_STRIP = NO;
				DEBUG_INFORMATION_FORMAT = "dwarf-with-dsym";
				ENABLE_NS_ASSERTIONS = NO;
				ENABLE_STRICT_OBJC_MSGSEND = YES;
				GCC_C_LANGUAGE_STANDARD = gnu99;
				GCC_NO_COMMON_BLOCKS = YES;
				GCC_WARN_64_TO_32_BIT_CONVERSION = YES;
				GCC_WARN_ABOUT_RETURN_TYPE = YES_ERROR;
				GCC_WARN_UNDECLARED_SELECTOR = YES;
				GCC_WARN_UNINITIALIZED_AUTOS = YES_AGGRESSIVE;
				GCC_WARN_UNUSED_FUNCTION = YES;
				GCC_WARN_UNUSED_VARIABLE = YES;
				IPHONEOS_DEPLOYMENT_TARGET = 9.1;
				MTL_ENABLE_DEBUG_INFO = NO;
				SDKROOT = iphoneos;
				VALIDATE_PRODUCT = YES;
			};
			name = Release;
		};
		648ECA861C7DEA0800BE3CF7 /* Debug */ = {
			isa = XCBuildConfiguration;
			buildSettings = {
				ASSETCATALOG_COMPILER_APPICON_NAME = AppIcon;
				INFOPLIST_FILE = "$(SRCROOT)/Info.plist";
				LD_RUNPATH_SEARCH_PATHS = "$(inherited) @executable_path/Frameworks";
				PRODUCT_BUNDLE_IDENTIFIER = AM.Hurricane;
				PRODUCT_NAME = "$(TARGET_NAME)";
			};
			name = Debug;
		};
		648ECA871C7DEA0800BE3CF7 /* Release */ = {
			isa = XCBuildConfiguration;
			buildSettings = {
				ASSETCATALOG_COMPILER_APPICON_NAME = AppIcon;
				INFOPLIST_FILE = "$(SRCROOT)/Info.plist";
				LD_RUNPATH_SEARCH_PATHS = "$(inherited) @executable_path/Frameworks";
				PRODUCT_BUNDLE_IDENTIFIER = AM.Hurricane;
				PRODUCT_NAME = "$(TARGET_NAME)";
			};
			name = Release;
		};
/* End XCBuildConfiguration section */

/* Begin XCConfigurationList section */
		648ECA6E1C7DEA0800BE3CF7 /* Build configuration list for PBXProject "Hurricane" */ = {
			isa = XCConfigurationList;
			buildConfigurations = (
				648ECA831C7DEA0800BE3CF7 /* Debug */,
				648ECA841C7DEA0800BE3CF7 /* Release */,
			);
			defaultConfigurationIsVisible = 0;
			defaultConfigurationName = Release;
		};
		648ECA851C7DEA0800BE3CF7 /* Build configuration list for PBXNativeTarget "Hurricane" */ = {
			isa = XCConfigurationList;
			buildConfigurations = (
				648ECA861C7DEA0800BE3CF7 /* Debug */,
				648ECA871C7DEA0800BE3CF7 /* Release */,
			);
			defaultConfigurationIsVisible = 0;
			defaultConfigurationName = Release;
		};
/* End XCConfigurationList section */
	};
	rootObject = 648ECA6B1C7DEA0800BE3CF7 /* Project object */;
}
